
Microsoft Visual Studio Solution File, Format Version 12.00
# Visual Studio 15
VisualStudioVersion = 15.0.28307.757
MinimumVisualStudioVersion = 10.0.40219.1
Project("{FAE04EC0-301F-11D3-BF4B-00C04F79EFBC}") = "screen_blank", "screen_blank.csproj", "{BEC84084-03D7-4FF5-8103-390340ABA363}"
EndProject
Global
	GlobalSection(SolutionConfigurationPlatforms) = preSolution
		Debug|Any CPU = Debug|Any CPU
		Release|Any CPU = Release|Any CPU
	EndGlobalSection
	GlobalSection(ProjectConfigurationPlatforms) = postSolution
		{BEC84084-03D7-4FF5-8103-390340ABA363}.Debug|Any CPU.ActiveCfg = Debug|Any CPU
		{BEC84084-03D7-4FF5-8103-390340ABA363}.Debug|Any CPU.Build.0 = Debug|Any CPU
		{BEC84084-03D7-4FF5-8103-390340ABA363}.Release|Any CPU.ActiveCfg = Release|Any CPU
		{BEC84084-03D7-4FF5-8103-390340ABA363}.Release|Any CPU.Build.0 = Release|Any CPU
	EndGlobalSection
	GlobalSection(SolutionProperties) = preSolution
		HideSolutionNode = FALSE
	EndGlobalSection
	GlobalSection(ExtensibilityGlobals) = postSolution
		SolutionGuid = {A5940611-97EB-4222-9E66-29514B8E2EDF}
	EndGlobalSection
EndGlobal
